{
  "name": "untitled",
  "version": "1.0.0",
  "lockfileVersion": 2,
  "requires": true,
  "packages": {
    "": {
      "version": "1.0.0",
      "devDependencies": {
        "array-matrix": "^1.0.0"
      }
    },
    "node_modules/array-matrix": {
      "version": "1.0.0",
      "resolved": "https://registry.npmjs.org/array-matrix/-/array-matrix-1.0.0.tgz",
      "integrity": "sha1-fv9fEhWY+iMqIg+OAL0lKmoiPok=",
      "dev": true
    }
  },
  "dependencies": {
    "array-matrix": {
      "version": "1.0.0",
      "resolved": "https://registry.npmjs.org/array-matrix/-/array-matrix-1.0.0.tgz",
      "integrity": "sha1-fv9fEhWY+iMqIg+OAL0lKmoiPok=",
      "dev": true
    }
  }
}
